
Microsoft Visual Studio Solution File, Format Version 12.00
# Visual Studio Version 17
VisualStudioVersion = 17.5.002.0
MinimumVisualStudioVersion = 10.0.40219.1
Project("{9A19103F-16F7-4668-BE54-9A1E7A4F7556}") = "MVCEgitim", "MVCEgitim.csproj", "{3CD15857-8BFB-420A-8E3D-C47EB3078462}"
EndProject
Global
	GlobalSection(SolutionConfigurationPlatforms) = preSolution
		Debug|Any CPU = Debug|Any CPU
		Release|Any CPU = Release|Any CPU
	EndGlobalSection
	GlobalSection(ProjectConfigurationPlatforms) = postSolution
		{3CD15857-8BFB-420A-8E3D-C47EB3078462}.Debug|Any CPU.ActiveCfg = Debug|Any CPU
		{3CD15857-8BFB-420A-8E3D-C47EB3078462}.Debug|Any CPU.Build.0 = Debug|Any CPU
		{3CD15857-8BFB-420A-8E3D-C47EB3078462}.Release|Any CPU.ActiveCfg = Release|Any CPU
		{3CD15857-8BFB-420A-8E3D-C47EB3078462}.Release|Any CPU.Build.0 = Release|Any CPU
	EndGlobalSection
	GlobalSection(SolutionProperties) = preSolution
		HideSolutionNode = FALSE
	EndGlobalSection
	GlobalSection(ExtensibilityGlobals) = postSolution
		SolutionGuid = {06E5DE21-EFDB-4F0C-B50A-19C93D4E2A17}
	EndGlobalSection
EndGlobal
