
Microsoft Visual Studio Solution File, Format Version 12.00
# Visual Studio Version 17
VisualStudioVersion = 17.5.002.0
MinimumVisualStudioVersion = 10.0.40219.1
Project("{9A19103F-16F7-4668-BE54-9A1E7A4F7556}") = "Infotech Web TASARIM", "Infotech Web TASARIM.csproj", "{D10D0D3B-A1B5-40EC-BA3F-9BB775465D07}"
EndProject
Project("{9A19103F-16F7-4668-BE54-9A1E7A4F7556}") = "NisanEgitimiMVCEgitimi", "NisanEgitimiMVCEgitimi\NisanEgitimiMVCEgitimi.csproj", "{C592E143-8025-4FE2-A647-10C12317CBEC}"
EndProject
Global
	GlobalSection(SolutionConfigurationPlatforms) = preSolution
		Debug|Any CPU = Debug|Any CPU
		Release|Any CPU = Release|Any CPU
	EndGlobalSection
	GlobalSection(ProjectConfigurationPlatforms) = postSolution
		{D10D0D3B-A1B5-40EC-BA3F-9BB775465D07}.Debug|Any CPU.ActiveCfg = Debug|Any CPU
		{D10D0D3B-A1B5-40EC-BA3F-9BB775465D07}.Debug|Any CPU.Build.0 = Debug|Any CPU
		{D10D0D3B-A1B5-40EC-BA3F-9BB775465D07}.Release|Any CPU.ActiveCfg = Release|Any CPU
		{D10D0D3B-A1B5-40EC-BA3F-9BB775465D07}.Release|Any CPU.Build.0 = Release|Any CPU
		{C592E143-8025-4FE2-A647-10C12317CBEC}.Debug|Any CPU.ActiveCfg = Debug|Any CPU
		{C592E143-8025-4FE2-A647-10C12317CBEC}.Debug|Any CPU.Build.0 = Debug|Any CPU
		{C592E143-8025-4FE2-A647-10C12317CBEC}.Release|Any CPU.ActiveCfg = Release|Any CPU
		{C592E143-8025-4FE2-A647-10C12317CBEC}.Release|Any CPU.Build.0 = Release|Any CPU
	EndGlobalSection
	GlobalSection(SolutionProperties) = preSolution
		HideSolutionNode = FALSE
	EndGlobalSection
	GlobalSection(ExtensibilityGlobals) = postSolution
		SolutionGuid = {4F909B33-0873-4EE8-AAA7-E196BDD6D158}
	EndGlobalSection
EndGlobal
